
Microsoft Visual Studio Solution File, Format Version 12.00
Project("{2150E333-8FDC-42A3-9474-1A3956D46DE8}") = "tests", "tests", "{39A9A455-BD69-48EC-A72A-D003EF4450FA}"
EndProject
Project("{2150E333-8FDC-42A3-9474-1A3956D46DE8}") = "src", "src", "{825D7CF6-7F1D-4B7D-BB7A-C3A5D16D668D}"
EndProject
Project("{FAE04EC0-301F-11D3-BF4B-00C04F79EFBC}") = "Framework", "src\Framework\Framework.csproj", "{6207860A-293B-4104-8AF9-44C195DE8E40}"
EndProject
Project("{FAE04EC0-301F-11D3-BF4B-00C04F79EFBC}") = "Framework.Tests", "tests\Framework.Tests\Framework.Tests.csproj", "{ABF78C38-D810-4CF3-B657-26BB6531A012}"
EndProject
Project("{2150E333-8FDC-42A3-9474-1A3956D46DE8}") = "_", "_", "{67DF0FC0-BBF7-463F-9191-F40DEB0B80F6}"
	ProjectSection(SolutionItems) = preProject
		.gitignore = .gitignore
		Directory.Build.props = Directory.Build.props
		LICENSE = LICENSE
		nuget.config = nuget.config
		README.md = README.md
		Directory.Packages.props = Directory.Packages.props
	EndProjectSection
EndProject
Project("{2150E333-8FDC-42A3-9474-1A3956D46DE8}") = ".github", ".github", "{56304172-2376-4EA3-9C4F-A627DAC67D09}"
EndProject
Project("{2150E333-8FDC-42A3-9474-1A3956D46DE8}") = "workflows", "workflows", "{ED1F416D-6AE2-4150-8F34-1AC2D59014BE}"
	ProjectSection(SolutionItems) = preProject
		.github\workflows\packages.yml = .github\workflows\packages.yml
	EndProjectSection
EndProject
Project("{FAE04EC0-301F-11D3-BF4B-00C04F79EFBC}") = "Framework.EntityFramework", "src\Framework.EntityFramework\Framework.EntityFramework.csproj", "{248057CE-EE3B-4391-8C92-CFC362D2DF86}"
EndProject
Project("{FAE04EC0-301F-11D3-BF4B-00C04F79EFBC}") = "Framework.Boot", "src\Framework.Boot\Framework.Boot.csproj", "{C41B0DEA-B84C-4B61-80D3-2EB977EAE72B}"
EndProject
Global
	GlobalSection(SolutionConfigurationPlatforms) = preSolution
		Debug|Any CPU = Debug|Any CPU
		Release|Any CPU = Release|Any CPU
	EndGlobalSection
	GlobalSection(ProjectConfigurationPlatforms) = postSolution
		{94D230E5-DFA9-4025-ACE1-0494FA903F54}.Debug|Any CPU.ActiveCfg = Debug|Any CPU
		{94D230E5-DFA9-4025-ACE1-0494FA903F54}.Debug|Any CPU.Build.0 = Debug|Any CPU
		{94D230E5-DFA9-4025-ACE1-0494FA903F54}.Release|Any CPU.ActiveCfg = Release|Any CPU
		{94D230E5-DFA9-4025-ACE1-0494FA903F54}.Release|Any CPU.Build.0 = Release|Any CPU
		{E916F695-6B66-43EB-9294-75D702D77B23}.Debug|Any CPU.ActiveCfg = Debug|Any CPU
		{E916F695-6B66-43EB-9294-75D702D77B23}.Debug|Any CPU.Build.0 = Debug|Any CPU
		{E916F695-6B66-43EB-9294-75D702D77B23}.Release|Any CPU.ActiveCfg = Release|Any CPU
		{E916F695-6B66-43EB-9294-75D702D77B23}.Release|Any CPU.Build.0 = Release|Any CPU
		{E9112F79-72D4-4EEF-BAFE-D0940F11890D}.Debug|Any CPU.ActiveCfg = Debug|Any CPU
		{E9112F79-72D4-4EEF-BAFE-D0940F11890D}.Debug|Any CPU.Build.0 = Debug|Any CPU
		{E9112F79-72D4-4EEF-BAFE-D0940F11890D}.Release|Any CPU.ActiveCfg = Release|Any CPU
		{E9112F79-72D4-4EEF-BAFE-D0940F11890D}.Release|Any CPU.Build.0 = Release|Any CPU
		{6207860A-293B-4104-8AF9-44C195DE8E40}.Debug|Any CPU.ActiveCfg = Debug|Any CPU
		{6207860A-293B-4104-8AF9-44C195DE8E40}.Debug|Any CPU.Build.0 = Debug|Any CPU
		{6207860A-293B-4104-8AF9-44C195DE8E40}.Release|Any CPU.ActiveCfg = Release|Any CPU
		{6207860A-293B-4104-8AF9-44C195DE8E40}.Release|Any CPU.Build.0 = Release|Any CPU
		{ABF78C38-D810-4CF3-B657-26BB6531A012}.Debug|Any CPU.ActiveCfg = Debug|Any CPU
		{ABF78C38-D810-4CF3-B657-26BB6531A012}.Debug|Any CPU.Build.0 = Debug|Any CPU
		{ABF78C38-D810-4CF3-B657-26BB6531A012}.Release|Any CPU.ActiveCfg = Release|Any CPU
		{ABF78C38-D810-4CF3-B657-26BB6531A012}.Release|Any CPU.Build.0 = Release|Any CPU
		{248057CE-EE3B-4391-8C92-CFC362D2DF86}.Debug|Any CPU.ActiveCfg = Debug|Any CPU
		{248057CE-EE3B-4391-8C92-CFC362D2DF86}.Debug|Any CPU.Build.0 = Debug|Any CPU
		{248057CE-EE3B-4391-8C92-CFC362D2DF86}.Release|Any CPU.ActiveCfg = Release|Any CPU
		{248057CE-EE3B-4391-8C92-CFC362D2DF86}.Release|Any CPU.Build.0 = Release|Any CPU
		{C41B0DEA-B84C-4B61-80D3-2EB977EAE72B}.Debug|Any CPU.ActiveCfg = Debug|Any CPU
		{C41B0DEA-B84C-4B61-80D3-2EB977EAE72B}.Debug|Any CPU.Build.0 = Debug|Any CPU
		{C41B0DEA-B84C-4B61-80D3-2EB977EAE72B}.Release|Any CPU.ActiveCfg = Release|Any CPU
		{C41B0DEA-B84C-4B61-80D3-2EB977EAE72B}.Release|Any CPU.Build.0 = Release|Any CPU
	EndGlobalSection
	GlobalSection(NestedProjects) = preSolution
		{6207860A-293B-4104-8AF9-44C195DE8E40} = {825D7CF6-7F1D-4B7D-BB7A-C3A5D16D668D}
		{ABF78C38-D810-4CF3-B657-26BB6531A012} = {39A9A455-BD69-48EC-A72A-D003EF4450FA}
		{56304172-2376-4EA3-9C4F-A627DAC67D09} = {67DF0FC0-BBF7-463F-9191-F40DEB0B80F6}
		{ED1F416D-6AE2-4150-8F34-1AC2D59014BE} = {56304172-2376-4EA3-9C4F-A627DAC67D09}
		{248057CE-EE3B-4391-8C92-CFC362D2DF86} = {825D7CF6-7F1D-4B7D-BB7A-C3A5D16D668D}
		{C41B0DEA-B84C-4B61-80D3-2EB977EAE72B} = {825D7CF6-7F1D-4B7D-BB7A-C3A5D16D668D}
	EndGlobalSection
EndGlobal
