
Microsoft Visual Studio Solution File, Format Version 12.00
Project("{2150E333-8FDC-42A3-9474-1A3956D46DE8}") = "tests", "tests", "{39A9A455-BD69-48EC-A72A-D003EF4450FA}"
EndProject
Project("{2150E333-8FDC-42A3-9474-1A3956D46DE8}") = "src", "src", "{825D7CF6-7F1D-4B7D-BB7A-C3A5D16D668D}"
EndProject
Project("{FAE04EC0-301F-11D3-BF4B-00C04F79EFBC}") = "Framework", "src\Framework\Framework.csproj", "{6207860A-293B-4104-8AF9-44C195DE8E40}"
EndProject
Project("{2150E333-8FDC-42A3-9474-1A3956D46DE8}") = "Packages", "Packages", "{EA710D4F-26B3-4D0F-B4FE-CE882B19E357}"
ProjectSection(SolutionItems) = preProject
	Packages\Workflow.1.0.12.nupkg = Packages\Workflow.1.0.12.nupkg
	Packages\Workflow.Autofac.1.0.13.nupkg = Packages\Workflow.Autofac.1.0.13.nupkg
EndProjectSection
EndProject
Global
	GlobalSection(SolutionConfigurationPlatforms) = preSolution
		Debug|Any CPU = Debug|Any CPU
		Release|Any CPU = Release|Any CPU
	EndGlobalSection
	GlobalSection(ProjectConfigurationPlatforms) = postSolution
		{94D230E5-DFA9-4025-ACE1-0494FA903F54}.Debug|Any CPU.ActiveCfg = Debug|Any CPU
		{94D230E5-DFA9-4025-ACE1-0494FA903F54}.Debug|Any CPU.Build.0 = Debug|Any CPU
		{94D230E5-DFA9-4025-ACE1-0494FA903F54}.Release|Any CPU.ActiveCfg = Release|Any CPU
		{94D230E5-DFA9-4025-ACE1-0494FA903F54}.Release|Any CPU.Build.0 = Release|Any CPU
		{E916F695-6B66-43EB-9294-75D702D77B23}.Debug|Any CPU.ActiveCfg = Debug|Any CPU
		{E916F695-6B66-43EB-9294-75D702D77B23}.Debug|Any CPU.Build.0 = Debug|Any CPU
		{E916F695-6B66-43EB-9294-75D702D77B23}.Release|Any CPU.ActiveCfg = Release|Any CPU
		{E916F695-6B66-43EB-9294-75D702D77B23}.Release|Any CPU.Build.0 = Release|Any CPU
		{E9112F79-72D4-4EEF-BAFE-D0940F11890D}.Debug|Any CPU.ActiveCfg = Debug|Any CPU
		{E9112F79-72D4-4EEF-BAFE-D0940F11890D}.Debug|Any CPU.Build.0 = Debug|Any CPU
		{E9112F79-72D4-4EEF-BAFE-D0940F11890D}.Release|Any CPU.ActiveCfg = Release|Any CPU
		{E9112F79-72D4-4EEF-BAFE-D0940F11890D}.Release|Any CPU.Build.0 = Release|Any CPU
		{6207860A-293B-4104-8AF9-44C195DE8E40}.Debug|Any CPU.ActiveCfg = Debug|Any CPU
		{6207860A-293B-4104-8AF9-44C195DE8E40}.Debug|Any CPU.Build.0 = Debug|Any CPU
		{6207860A-293B-4104-8AF9-44C195DE8E40}.Release|Any CPU.ActiveCfg = Release|Any CPU
		{6207860A-293B-4104-8AF9-44C195DE8E40}.Release|Any CPU.Build.0 = Release|Any CPU
	EndGlobalSection
	GlobalSection(NestedProjects) = preSolution
		{6207860A-293B-4104-8AF9-44C195DE8E40} = {825D7CF6-7F1D-4B7D-BB7A-C3A5D16D668D}
	EndGlobalSection
EndGlobal
