
Microsoft Visual Studio Solution File, Format Version 12.00
Project("{FAE04EC0-301F-11D3-BF4B-00C04F79EFBC}") = "Framework", "Framework\Framework.csproj", "{BA9825BA-75AE-4AAE-B6DC-44C35BF51481}"
EndProject
Project("{FAE04EC0-301F-11D3-BF4B-00C04F79EFBC}") = "Framework.Test", "Framework.Test\Framework.Test.csproj", "{56718C84-6EE6-4F94-9EF4-6F4390BCC0F7}"
EndProject
Project("{FAE04EC0-301F-11D3-BF4B-00C04F79EFBC}") = "Framework.Console.Test", "Framework.Console.Test\Framework.Console.Test.csproj", "{BEFC1198-B29D-4493-8BFA-A3375750F70C}"
EndProject
Global
	GlobalSection(SolutionConfigurationPlatforms) = preSolution
		Debug|Any CPU = Debug|Any CPU
		Release|Any CPU = Release|Any CPU
	EndGlobalSection
	GlobalSection(ProjectConfigurationPlatforms) = postSolution
		{BA9825BA-75AE-4AAE-B6DC-44C35BF51481}.Debug|Any CPU.ActiveCfg = Debug|Any CPU
		{BA9825BA-75AE-4AAE-B6DC-44C35BF51481}.Debug|Any CPU.Build.0 = Debug|Any CPU
		{BA9825BA-75AE-4AAE-B6DC-44C35BF51481}.Release|Any CPU.ActiveCfg = Release|Any CPU
		{BA9825BA-75AE-4AAE-B6DC-44C35BF51481}.Release|Any CPU.Build.0 = Release|Any CPU
		{56718C84-6EE6-4F94-9EF4-6F4390BCC0F7}.Debug|Any CPU.ActiveCfg = Debug|Any CPU
		{56718C84-6EE6-4F94-9EF4-6F4390BCC0F7}.Debug|Any CPU.Build.0 = Debug|Any CPU
		{56718C84-6EE6-4F94-9EF4-6F4390BCC0F7}.Release|Any CPU.ActiveCfg = Release|Any CPU
		{56718C84-6EE6-4F94-9EF4-6F4390BCC0F7}.Release|Any CPU.Build.0 = Release|Any CPU
		{BEFC1198-B29D-4493-8BFA-A3375750F70C}.Debug|Any CPU.ActiveCfg = Debug|Any CPU
		{BEFC1198-B29D-4493-8BFA-A3375750F70C}.Debug|Any CPU.Build.0 = Debug|Any CPU
		{BEFC1198-B29D-4493-8BFA-A3375750F70C}.Release|Any CPU.ActiveCfg = Release|Any CPU
		{BEFC1198-B29D-4493-8BFA-A3375750F70C}.Release|Any CPU.Build.0 = Release|Any CPU
	EndGlobalSection
EndGlobal
